
Microsoft Visual Studio Solution File, Format Version 12.00
# Visual Studio Version 16
VisualStudioVersion = 16.0.30114.105
MinimumVisualStudioVersion = 10.0.40219.1
Project("{FAE04EC0-301F-11D3-BF4B-00C04F79EFBC}") = "NetFusion.Identity.Client", "NetFusion.Identity.Client\NetFusion.Identity.Client.csproj", "{390EB1FA-AAFE-4DB1-AEA9-54B05A44F7D1}"
EndProject
Project("{FAE04EC0-301F-11D3-BF4B-00C04F79EFBC}") = "NetFusion.Identity.Tests", "NetFusion.Identity.Tests\NetFusion.Identity.Tests.csproj", "{AC884C32-2305-4ABA-829C-F13E1C65A97F}"
EndProject
Project("{2150E333-8FDC-42A3-9474-1A3956D46DE8}") = "Components", "Components", "{4271F943-1C25-4CE0-B132-109027979953}"
EndProject
Project("{FAE04EC0-301F-11D3-BF4B-00C04F79EFBC}") = "NetFusion.Identity.App", "Components\NetFusion.Identity.App\NetFusion.Identity.App.csproj", "{30E16A76-F2FF-4E18-B450-60DB9CEA69B2}"
EndProject
Project("{FAE04EC0-301F-11D3-BF4B-00C04F79EFBC}") = "NetFusion.Identity.Domain", "Components\NetFusion.Identity.Domain\NetFusion.Identity.Domain.csproj", "{29CC1281-8CED-4385-B0E1-85D843B23BFF}"
EndProject
Project("{FAE04EC0-301F-11D3-BF4B-00C04F79EFBC}") = "NetFusion.Identity.Infra", "Components\NetFusion.Identity.Infra\NetFusion.Identity.Infra.csproj", "{F80D826C-4663-4340-9AAA-64963096F928}"
EndProject
Global
	GlobalSection(SolutionConfigurationPlatforms) = preSolution
		Debug|Any CPU = Debug|Any CPU
		Release|Any CPU = Release|Any CPU
	EndGlobalSection
	GlobalSection(SolutionProperties) = preSolution
		HideSolutionNode = FALSE
	EndGlobalSection
	GlobalSection(ProjectConfigurationPlatforms) = postSolution
		{390EB1FA-AAFE-4DB1-AEA9-54B05A44F7D1}.Debug|Any CPU.ActiveCfg = Debug|Any CPU
		{390EB1FA-AAFE-4DB1-AEA9-54B05A44F7D1}.Debug|Any CPU.Build.0 = Debug|Any CPU
		{390EB1FA-AAFE-4DB1-AEA9-54B05A44F7D1}.Release|Any CPU.ActiveCfg = Release|Any CPU
		{390EB1FA-AAFE-4DB1-AEA9-54B05A44F7D1}.Release|Any CPU.Build.0 = Release|Any CPU
		{AC884C32-2305-4ABA-829C-F13E1C65A97F}.Debug|Any CPU.ActiveCfg = Debug|Any CPU
		{AC884C32-2305-4ABA-829C-F13E1C65A97F}.Debug|Any CPU.Build.0 = Debug|Any CPU
		{AC884C32-2305-4ABA-829C-F13E1C65A97F}.Release|Any CPU.ActiveCfg = Release|Any CPU
		{AC884C32-2305-4ABA-829C-F13E1C65A97F}.Release|Any CPU.Build.0 = Release|Any CPU
		{30E16A76-F2FF-4E18-B450-60DB9CEA69B2}.Debug|Any CPU.ActiveCfg = Debug|Any CPU
		{30E16A76-F2FF-4E18-B450-60DB9CEA69B2}.Debug|Any CPU.Build.0 = Debug|Any CPU
		{30E16A76-F2FF-4E18-B450-60DB9CEA69B2}.Release|Any CPU.ActiveCfg = Release|Any CPU
		{30E16A76-F2FF-4E18-B450-60DB9CEA69B2}.Release|Any CPU.Build.0 = Release|Any CPU
		{29CC1281-8CED-4385-B0E1-85D843B23BFF}.Debug|Any CPU.ActiveCfg = Debug|Any CPU
		{29CC1281-8CED-4385-B0E1-85D843B23BFF}.Debug|Any CPU.Build.0 = Debug|Any CPU
		{29CC1281-8CED-4385-B0E1-85D843B23BFF}.Release|Any CPU.ActiveCfg = Release|Any CPU
		{29CC1281-8CED-4385-B0E1-85D843B23BFF}.Release|Any CPU.Build.0 = Release|Any CPU
		{F80D826C-4663-4340-9AAA-64963096F928}.Debug|Any CPU.ActiveCfg = Debug|Any CPU
		{F80D826C-4663-4340-9AAA-64963096F928}.Debug|Any CPU.Build.0 = Debug|Any CPU
		{F80D826C-4663-4340-9AAA-64963096F928}.Release|Any CPU.ActiveCfg = Release|Any CPU
		{F80D826C-4663-4340-9AAA-64963096F928}.Release|Any CPU.Build.0 = Release|Any CPU
	EndGlobalSection
	GlobalSection(NestedProjects) = preSolution
		{30E16A76-F2FF-4E18-B450-60DB9CEA69B2} = {4271F943-1C25-4CE0-B132-109027979953}
		{29CC1281-8CED-4385-B0E1-85D843B23BFF} = {4271F943-1C25-4CE0-B132-109027979953}
		{F80D826C-4663-4340-9AAA-64963096F928} = {4271F943-1C25-4CE0-B132-109027979953}
	EndGlobalSection
EndGlobal
